// !$*UTF8*$!
{
	archiveVersion = 1;
	classes = {
	};
	objectVersion = 77;
	objects = {

/* Begin PBXContainerItemProxy section */
		3F82C74E2D0068CB00ADE1C1 /* PBXContainerItemProxy */ = {
			isa = PBXContainerItemProxy;
			containerPortal = 3F82C72F2D0068C900ADE1C1 /* Project object */;
			proxyType = 1;
			remoteGlobalIDString = 3F82C7362D0068C900ADE1C1;
			remoteInfo = SampleUIKit;
		};
		3F82C7582D0068CC00ADE1C1 /* PBXContainerItemProxy */ = {
			isa = PBXContainerItemProxy;
			containerPortal = 3F82C72F2D0068C900ADE1C1 /* Project object */;
			proxyType = 1;
			remoteGlobalIDString = 3F82C7362D0068C900ADE1C1;
			remoteInfo = SampleUIKit;
		};
/* End PBXContainerItemProxy section */

/* Begin PBXFileReference section */
		3F82C7372D0068C900ADE1C1 /* SampleUIKit.app */ = {isa = PBXFileReference; explicitFileType = wrapper.application; includeInIndex = 0; path = SampleUIKit.app; sourceTree = BUILT_PRODUCTS_DIR; };
		3F82C74D2D0068CB00ADE1C1 /* SampleUIKitTests.xctest */ = {isa = PBXFileReference; explicitFileType = wrapper.cfbundle; includeInIndex = 0; path = SampleUIKitTests.xctest; sourceTree = BUILT_PRODUCTS_DIR; };
		3F82C7572D0068CC00ADE1C1 /* SampleUIKitUITests.xctest */ = {isa = PBXFileReference; explicitFileType = wrapper.cfbundle; includeInIndex = 0; path = SampleUIKitUITests.xctest; sourceTree = BUILT_PRODUCTS_DIR; };
/* End PBXFileReference section */

/* Begin PBXFileSystemSynchronizedBuildFileExceptionSet section */
		3F82C75F2D0068CC00ADE1C1 /* Exceptions for "SampleUIKit" folder in "SampleUIKit" target */ = {
			isa = PBXFileSystemSynchronizedBuildFileExceptionSet;
			membershipExceptions = (
				Info.plist,
			);
			target = 3F82C7362D0068C900ADE1C1 /* SampleUIKit */;
		};
/* End PBXFileSystemSynchronizedBuildFileExceptionSet section */

/* Begin PBXFileSystemSynchronizedRootGroup section */
		3F82C7392D0068C900ADE1C1 /* SampleUIKit */ = {
			isa = PBXFileSystemSynchronizedRootGroup;
			exceptions = (
				3F82C75F2D0068CC00ADE1C1 /* Exceptions for "SampleUIKit" folder in "SampleUIKit" target */,
			);
			path = SampleUIKit;
			sourceTree = "<group>";
		};
		3F82C7502D0068CB00ADE1C1 /* SampleUIKitTests */ = {
			isa = PBXFileSystemSynchronizedRootGroup;
			path = SampleUIKitTests;
			sourceTree = "<group>";
		};
		3F82C75A2D0068CC00ADE1C1 /* SampleUIKitUITests */ = {
			isa = PBXFileSystemSynchronizedRootGroup;
			path = SampleUIKitUITests;
			sourceTree = "<group>";
		};
/* End PBXFileSystemSynchronizedRootGroup section */

/* Begin PBXFrameworksBuildPhase section */
		3F82C7342D0068C900ADE1C1 /* Frameworks */ = {
			isa = PBXFrameworksBuildPhase;
			buildActionMask = 2147483647;
			files = (
			);
			runOnlyForDeploymentPostprocessing = 0;
		};
		3F82C74A2D0068CB00ADE1C1 /* Frameworks */ = {
			isa = PBXFrameworksBuildPhase;
			buildActionMask = 2147483647;
			files = (
			);
			runOnlyForDeploymentPostprocessing = 0;
		};
		3F82C7542D0068CC00ADE1C1 /* Frameworks */ = {
			isa = PBXFrameworksBuildPhase;
			buildActionMask = 2147483647;
			files = (
			);
			runOnlyForDeploymentPostprocessing = 0;
		};
/* End PBXFrameworksBuildPhase section */

/* Begin PBXGroup section */
		3F82C72E2D0068C900ADE1C1 = {
			isa = PBXGroup;
			children = (
				3F82C7392D0068C900ADE1C1 /* SampleUIKit */,
				3F82C7502D0068CB00ADE1C1 /* SampleUIKitTests */,
				3F82C75A2D0068CC00ADE1C1 /* SampleUIKitUITests */,
				3F82C7382D0068C900ADE1C1 /* Products */,
			);
			sourceTree = "<group>";
		};
		3F82C7382D0068C900ADE1C1 /* Products */ = {
			isa = PBXGroup;
			children = (
				3F82C7372D0068C900ADE1C1 /* SampleUIKit.app */,
				3F82C74D2D0068CB00ADE1C1 /* SampleUIKitTests.xctest */,
				3F82C7572D0068CC00ADE1C1 /* SampleUIKitUITests.xctest */,
			);
			name = Products;
			sourceTree = "<group>";
		};
/* End PBXGroup section */

/* Begin PBXNativeTarget section */
		3F82C7362D0068C900ADE1C1 /* SampleUIKit */ = {
			isa = PBXNativeTarget;
			buildConfigurationList = 3F82C7602D0068CC00ADE1C1 /* Build configuration list for PBXNativeTarget "SampleUIKit" */;
			buildPhases = (
				3F82C7332D0068C900ADE1C1 /* Sources */,
				3F82C7342D0068C900ADE1C1 /* Frameworks */,
				3F82C7352D0068C900ADE1C1 /* Resources */,
			);
			buildRules = (
			);
			dependencies = (
			);
			fileSystemSynchronizedGroups = (
				3F82C7392D0068C900ADE1C1 /* SampleUIKit */,
			);
			name = SampleUIKit;
			packageProductDependencies = (
			);
			productName = SampleUIKit;
			productReference = 3F82C7372D0068C900ADE1C1 /* SampleUIKit.app */;
			productType = "com.apple.product-type.application";
		};
		3F82C74C2D0068CB00ADE1C1 /* SampleUIKitTests */ = {
			isa = PBXNativeTarget;
			buildConfigurationList = 3F82C7652D0068CC00ADE1C1 /* Build configuration list for PBXNativeTarget "SampleUIKitTests" */;
			buildPhases = (
				3F82C7492D0068CB00ADE1C1 /* Sources */,
				3F82C74A2D0068CB00ADE1C1 /* Frameworks */,
				3F82C74B2D0068CB00ADE1C1 /* Resources */,
			);
			buildRules = (
			);
			dependencies = (
				3F82C74F2D0068CB00ADE1C1 /* PBXTargetDependency */,
			);
			fileSystemSynchronizedGroups = (
				3F82C7502D0068CB00ADE1C1 /* SampleUIKitTests */,
			);
			name = SampleUIKitTests;
			packageProductDependencies = (
			);
			productName = SampleUIKitTests;
			productReference = 3F82C74D2D0068CB00ADE1C1 /* SampleUIKitTests.xctest */;
			productType = "com.apple.product-type.bundle.unit-test";
		};
		3F82C7562D0068CC00ADE1C1 /* SampleUIKitUITests */ = {
			isa = PBXNativeTarget;
			buildConfigurationList = 3F82C7682D0068CC00ADE1C1 /* Build configuration list for PBXNativeTarget "SampleUIKitUITests" */;
			buildPhases = (
				3F82C7532D0068CC00ADE1C1 /* Sources */,
				3F82C7542D0068CC00ADE1C1 /* Frameworks */,
				3F82C7552D0068CC00ADE1C1 /* Resources */,
			);
			buildRules = (
			);
			dependencies = (
				3F82C7592D0068CC00ADE1C1 /* PBXTargetDependency */,
			);
			fileSystemSynchronizedGroups = (
				3F82C75A2D0068CC00ADE1C1 /* SampleUIKitUITests */,
			);
			name = SampleUIKitUITests;
			packageProductDependencies = (
			);
			productName = SampleUIKitUITests;
			productReference = 3F82C7572D0068CC00ADE1C1 /* SampleUIKitUITests.xctest */;
			productType = "com.apple.product-type.bundle.ui-testing";
		};
/* End PBXNativeTarget section */

/* Begin PBXProject section */
		3F82C72F2D0068C900ADE1C1 /* Project object */ = {
			isa = PBXProject;
			attributes = {
				BuildIndependentTargetsInParallel = 1;
				LastSwiftUpdateCheck = 1610;
				LastUpgradeCheck = 1610;
				TargetAttributes = {
					3F82C7362D0068C900ADE1C1 = {
						CreatedOnToolsVersion = 16.1;
					};
					3F82C74C2D0068CB00ADE1C1 = {
						CreatedOnToolsVersion = 16.1;
						TestTargetID = 3F82C7362D0068C900ADE1C1;
					};
					3F82C7562D0068CC00ADE1C1 = {
						CreatedOnToolsVersion = 16.1;
						TestTargetID = 3F82C7362D0068C900ADE1C1;
					};
				};
			};
			buildConfigurationList = 3F82C7322D0068C900ADE1C1 /* Build configuration list for PBXProject "SampleUIKit" */;
			developmentRegion = en;
			hasScannedForEncodings = 0;
			knownRegions = (
				en,
				Base,
			);
			mainGroup = 3F82C72E2D0068C900ADE1C1;
			minimizedProjectReferenceProxies = 1;
			preferredProjectObjectVersion = 77;
			productRefGroup = 3F82C7382D0068C900ADE1C1 /* Products */;
			projectDirPath = "";
			projectRoot = "";
			targets = (
				3F82C7362D0068C900ADE1C1 /* SampleUIKit */,
				3F82C74C2D0068CB00ADE1C1 /* SampleUIKitTests */,
				3F82C7562D0068CC00ADE1C1 /* SampleUIKitUITests */,
			);
		};
/* End PBXProject section */

/* Begin PBXResourcesBuildPhase section */
		3F82C7352D0068C900ADE1C1 /* Resources */ = {
			isa = PBXResourcesBuildPhase;
			buildActionMask = 2147483647;
			files = (
			);
			runOnlyForDeploymentPostprocessing = 0;
		};
		3F82C74B2D0068CB00ADE1C1 /* Resources */ = {
			isa = PBXResourcesBuildPhase;
			buildActionMask = 2147483647;
			files = (
			);
			runOnlyForDeploymentPostprocessing = 0;
		};
		3F82C7552D0068CC00ADE1C1 /* Resources */ = {
			isa = PBXResourcesBuildPhase;
			buildActionMask = 2147483647;
			files = (
			);
			runOnlyForDeploymentPostprocessing = 0;
		};
/* End PBXResourcesBuildPhase section */

/* Begin PBXSourcesBuildPhase section */
		3F82C7332D0068C900ADE1C1 /* Sources */ = {
			isa = PBXSourcesBuildPhase;
			buildActionMask = 2147483647;
			files = (
			);
			runOnlyForDeploymentPostprocessing = 0;
		};
		3F82C7492D0068CB00ADE1C1 /* Sources */ = {
			isa = PBXSourcesBuildPhase;
			buildActionMask = 2147483647;
			files = (
			);
			runOnlyForDeploymentPostprocessing = 0;
		};
		3F82C7532D0068CC00ADE1C1 /* Sources */ = {
			isa = PBXSourcesBuildPhase;
			buildActionMask = 2147483647;
			files = (
			);
			runOnlyForDeploymentPostprocessing = 0;
		};
/* End PBXSourcesBuildPhase section */

/* Begin PBXTargetDependency section */
		3F82C74F2D0068CB00ADE1C1 /* PBXTargetDependency */ = {
			isa = PBXTargetDependency;
			target = 3F82C7362D0068C900ADE1C1 /* SampleUIKit */;
			targetProxy = 3F82C74E2D0068CB00ADE1C1 /* PBXContainerItemProxy */;
		};
		3F82C7592D0068CC00ADE1C1 /* PBXTargetDependency */ = {
			isa = PBXTargetDependency;
			target = 3F82C7362D0068C900ADE1C1 /* SampleUIKit */;
			targetProxy = 3F82C7582D0068CC00ADE1C1 /* PBXContainerItemProxy */;
		};
/* End PBXTargetDependency section */

/* Begin XCBuildConfiguration section */
		3F82C7612D0068CC00ADE1C1 /* Debug */ = {
			isa = XCBuildConfiguration;
			buildSettings = {
				ASSETCATALOG_COMPILER_APPICON_NAME = AppIcon;
				ASSETCATALOG_COMPILER_GLOBAL_ACCENT_COLOR_NAME = AccentColor;
				CODE_SIGN_STYLE = Automatic;
				CURRENT_PROJECT_VERSION = 1;
				DEVELOPMENT_TEAM = B58T472MM3;
				GENERATE_INFOPLIST_FILE = YES;
				INFOPLIST_FILE = SampleUIKit/Info.plist;
				INFOPLIST_KEY_UIApplicationSupportsIndirectInputEvents = YES;
				INFOPLIST_KEY_UILaunchStoryboardName = LaunchScreen;
				INFOPLIST_KEY_UIMainStoryboardFile = Main;
				INFOPLIST_KEY_UISupportedInterfaceOrientations_iPad = "UIInterfaceOrientationPortrait UIInterfaceOrientationPortraitUpsideDown UIInterfaceOrientationLandscapeLeft UIInterfaceOrientationLandscapeRight";
				INFOPLIST_KEY_UISupportedInterfaceOrientations_iPhone = "UIInterfaceOrientationPortrait UIInterfaceOrientationLandscapeLeft UIInterfaceOrientationLandscapeRight";
				LD_RUNPATH_SEARCH_PATHS = (
					"$(inherited)",
					"@executable_path/Frameworks",
				);
				MARKETING_VERSION = 1.0;
				PRODUCT_BUNDLE_IDENTIFIER = com.KaitoMuraoka.SampleUIKit;
				PRODUCT_NAME = "$(TARGET_NAME)";
				SWIFT_EMIT_LOC_STRINGS = YES;
				SWIFT_VERSION = 5.0;
				TARGETED_DEVICE_FAMILY = "1,2";
			};
			name = Debug;
		};
		3F82C7622D0068CC00ADE1C1 /* Release */ = {
			isa = XCBuildConfiguration;
			buildSettings = {
				ASSETCATALOG_COMPILER_APPICON_NAME = AppIcon;
				ASSETCATALOG_COMPILER_GLOBAL_ACCENT_COLOR_NAME = AccentColor;
				CODE_SIGN_STYLE = Automatic;
				CURRENT_PROJECT_VERSION = 1;
				DEVELOPMENT_TEAM = B58T472MM3;
				GENERATE_INFOPLIST_FILE = YES;
				INFOPLIST_FILE = SampleUIKit/Info.plist;
				INFOPLIST_KEY_UIApplicationSupportsIndirectInputEvents = YES;
				INFOPLIST_KEY_UILaunchStoryboardName = LaunchScreen;
				INFOPLIST_KEY_UIMainStoryboardFile = Main;
				INFOPLIST_KEY_UISupportedInterfaceOrientations_iPad = "UIInterfaceOrientationPortrait UIInterfaceOrientationPortraitUpsideDown UIInterfaceOrientationLandscapeLeft UIInterfaceOrientationLandscapeRight";
				INFOPLIST_KEY_UISupportedInterfaceOrientations_iPhone = "UIInterfaceOrientationPortrait UIInterfaceOrientationLandscapeLeft UIInterfaceOrientationLandscapeRight";
				LD_RUNPATH_SEARCH_PATHS = (
					"$(inherited)",
					"@executable_path/Frameworks",
				);
				MARKETING_VERSION = 1.0;
				PRODUCT_BUNDLE_IDENTIFIER = com.KaitoMuraoka.SampleUIKit;
				PRODUCT_NAME = "$(TARGET_NAME)";
				SWIFT_EMIT_LOC_STRINGS = YES;
				SWIFT_VERSION = 5.0;
				TARGETED_DEVICE_FAMILY = "1,2";
			};
			name = Release;
		};
		3F82C7632D0068CC00ADE1C1 /* Debug */ = {
			isa = XCBuildConfiguration;
			buildSettings = {
				ALWAYS_SEARCH_USER_PATHS = NO;
				ASSETCATALOG_COMPILER_GENERATE_SWIFT_ASSET_SYMBOL_EXTENSIONS = YES;
				CLANG_ANALYZER_NONNULL = YES;
				CLANG_ANALYZER_NUMBER_OBJECT_CONVERSION = YES_AGGRESSIVE;
				CLANG_CXX_LANGUAGE_STANDARD = "gnu++20";
				CLANG_ENABLE_MODULES = YES;
				CLANG_ENABLE_OBJC_ARC = YES;
				CLANG_ENABLE_OBJC_WEAK = YES;
				CLANG_WARN_BLOCK_CAPTURE_AUTORELEASING = YES;
				CLANG_WARN_BOOL_CONVERSION = YES;
				CLANG_WARN_COMMA = YES;
				CLANG_WARN_CONSTANT_CONVERSION = YES;
				CLANG_WARN_DEPRECATED_OBJC_IMPLEMENTATIONS = YES;
				CLANG_WARN_DIRECT_OBJC_ISA_USAGE = YES_ERROR;
				CLANG_WARN_DOCUMENTATION_COMMENTS = YES;
				CLANG_WARN_EMPTY_BODY = YES;
				CLANG_WARN_ENUM_CONVERSION = YES;
				CLANG_WARN_INFINITE_RECURSION = YES;
				CLANG_WARN_INT_CONVERSION = YES;
				CLANG_WARN_NON_LITERAL_NULL_CONVERSION = YES;
				CLANG_WARN_OBJC_IMPLICIT_RETAIN_SELF = YES;
				CLANG_WARN_OBJC_LITERAL_CONVERSION = YES;
				CLANG_WARN_OBJC_ROOT_CLASS = YES_ERROR;
				CLANG_WARN_QUOTED_INCLUDE_IN_FRAMEWORK_HEADER = YES;
				CLANG_WARN_RANGE_LOOP_ANALYSIS = YES;
				CLANG_WARN_STRICT_PROTOTYPES = YES;
				CLANG_WARN_SUSPICIOUS_MOVE = YES;
				CLANG_WARN_UNGUARDED_AVAILABILITY = YES_AGGRESSIVE;
				CLANG_WARN_UNREACHABLE_CODE = YES;
				CLANG_WARN__DUPLICATE_METHOD_MATCH = YES;
				COPY_PHASE_STRIP = NO;
				DEBUG_INFORMATION_FORMAT = dwarf;
				ENABLE_STRICT_OBJC_MSGSEND = YES;
				ENABLE_TESTABILITY = YES;
				ENABLE_USER_SCRIPT_SANDBOXING = YES;
				GCC_C_LANGUAGE_STANDARD = gnu17;
				GCC_DYNAMIC_NO_PIC = NO;
				GCC_NO_COMMON_BLOCKS = YES;
				GCC_OPTIMIZATION_LEVEL = 0;
				GCC_PREPROCESSOR_DEFINITIONS = (
					"DEBUG=1",
					"$(inherited)",
				);
				GCC_WARN_64_TO_32_BIT_CONVERSION = YES;
				GCC_WARN_ABOUT_RETURN_TYPE = YES_ERROR;
				GCC_WARN_UNDECLARED_SELECTOR = YES;
				GCC_WARN_UNINITIALIZED_AUTOS = YES_AGGRESSIVE;
				GCC_WARN_UNUSED_FUNCTION = YES;
				GCC_WARN_UNUSED_VARIABLE = YES;
				IPHONEOS_DEPLOYMENT_TARGET = 18.1;
				LOCALIZATION_PREFERS_STRING_CATALOGS = YES;
				MTL_ENABLE_DEBUG_INFO = INCLUDE_SOURCE;
				MTL_FAST_MATH = YES;
				ONLY_ACTIVE_ARCH = YES;
				SDKROOT = iphoneos;
				SWIFT_ACTIVE_COMPILATION_CONDITIONS = "DEBUG $(inherited)";
				SWIFT_OPTIMIZATION_LEVEL = "-Onone";
			};
			name = Debug;
		};
		3F82C7642D0068CC00ADE1C1 /* Release */ = {
			isa = XCBuildConfiguration;
			buildSettings = {
				ALWAYS_SEARCH_USER_PATHS = NO;
				ASSETCATALOG_COMPILER_GENERATE_SWIFT_ASSET_SYMBOL_EXTENSIONS = YES;
				CLANG_ANALYZER_NONNULL = YES;
				CLANG_ANALYZER_NUMBER_OBJECT_CONVERSION = YES_AGGRESSIVE;
				CLANG_CXX_LANGUAGE_STANDARD = "gnu++20";
				CLANG_ENABLE_MODULES = YES;
				CLANG_ENABLE_OBJC_ARC = YES;
				CLANG_ENABLE_OBJC_WEAK = YES;
				CLANG_WARN_BLOCK_CAPTURE_AUTORELEASING = YES;
				CLANG_WARN_BOOL_CONVERSION = YES;
				CLANG_WARN_COMMA = YES;
				CLANG_WARN_CONSTANT_CONVERSION = YES;
				CLANG_WARN_DEPRECATED_OBJC_IMPLEMENTATIONS = YES;
				CLANG_WARN_DIRECT_OBJC_ISA_USAGE = YES_ERROR;
				CLANG_WARN_DOCUMENTATION_COMMENTS = YES;
				CLANG_WARN_EMPTY_BODY = YES;
				CLANG_WARN_ENUM_CONVERSION = YES;
				CLANG_WARN_INFINITE_RECURSION = YES;
				CLANG_WARN_INT_CONVERSION = YES;
				CLANG_WARN_NON_LITERAL_NULL_CONVERSION = YES;
				CLANG_WARN_OBJC_IMPLICIT_RETAIN_SELF = YES;
				CLANG_WARN_OBJC_LITERAL_CONVERSION = YES;
				CLANG_WARN_OBJC_ROOT_CLASS = YES_ERROR;
				CLANG_WARN_QUOTED_INCLUDE_IN_FRAMEWORK_HEADER = YES;
				CLANG_WARN_RANGE_LOOP_ANALYSIS = YES;
				CLANG_WARN_STRICT_PROTOTYPES = YES;
				CLANG_WARN_SUSPICIOUS_MOVE = YES;
				CLANG_WARN_UNGUARDED_AVAILABILITY = YES_AGGRESSIVE;
				CLANG_WARN_UNREACHABLE_CODE = YES;
				CLANG_WARN__DUPLICATE_METHOD_MATCH = YES;
				COPY_PHASE_STRIP = NO;
				DEBUG_INFORMATION_FORMAT = "dwarf-with-dsym";
				ENABLE_NS_ASSERTIONS = NO;
				ENABLE_STRICT_OBJC_MSGSEND = YES;
				ENABLE_USER_SCRIPT_SANDBOXING = YES;
				GCC_C_LANGUAGE_STANDARD = gnu17;
				GCC_NO_COMMON_BLOCKS = YES;
				GCC_WARN_64_TO_32_BIT_CONVERSION = YES;
				GCC_WARN_ABOUT_RETURN_TYPE = YES_ERROR;
				GCC_WARN_UNDECLARED_SELECTOR = YES;
				GCC_WARN_UNINITIALIZED_AUTOS = YES_AGGRESSIVE;
				GCC_WARN_UNUSED_FUNCTION = YES;
				GCC_WARN_UNUSED_VARIABLE = YES;
				IPHONEOS_DEPLOYMENT_TARGET = 18.1;
				LOCALIZATION_PREFERS_STRING_CATALOGS = YES;
				MTL_ENABLE_DEBUG_INFO = NO;
				MTL_FAST_MATH = YES;
				SDKROOT = iphoneos;
				SWIFT_COMPILATION_MODE = wholemodule;
				VALIDATE_PRODUCT = YES;
			};
			name = Release;
		};
		3F82C7662D0068CC00ADE1C1 /* Debug */ = {
			isa = XCBuildConfiguration;
			buildSettings = {
				BUNDLE_LOADER = "$(TEST_HOST)";
				CODE_SIGN_STYLE = Automatic;
				CURRENT_PROJECT_VERSION = 1;
				DEVELOPMENT_TEAM = B58T472MM3;
				GENERATE_INFOPLIST_FILE = YES;
				IPHONEOS_DEPLOYMENT_TARGET = 18.1;
				MARKETING_VERSION = 1.0;
				PRODUCT_BUNDLE_IDENTIFIER = com.KaitoMuraoka.SampleUIKitTests;
				PRODUCT_NAME = "$(TARGET_NAME)";
				SWIFT_EMIT_LOC_STRINGS = NO;
				SWIFT_VERSION = 5.0;
				TARGETED_DEVICE_FAMILY = "1,2";
				TEST_HOST = "$(BUILT_PRODUCTS_DIR)/SampleUIKit.app/$(BUNDLE_EXECUTABLE_FOLDER_PATH)/SampleUIKit";
			};
			name = Debug;
		};
		3F82C7672D0068CC00ADE1C1 /* Release */ = {
			isa = XCBuildConfiguration;
			buildSettings = {
				BUNDLE_LOADER = "$(TEST_HOST)";
				CODE_SIGN_STYLE = Automatic;
				CURRENT_PROJECT_VERSION = 1;
				DEVELOPMENT_TEAM = B58T472MM3;
				GENERATE_INFOPLIST_FILE = YES;
				IPHONEOS_DEPLOYMENT_TARGET = 18.1;
				MARKETING_VERSION = 1.0;
				PRODUCT_BUNDLE_IDENTIFIER = com.KaitoMuraoka.SampleUIKitTests;
				PRODUCT_NAME = "$(TARGET_NAME)";
				SWIFT_EMIT_LOC_STRINGS = NO;
				SWIFT_VERSION = 5.0;
				TARGETED_DEVICE_FAMILY = "1,2";
				TEST_HOST = "$(BUILT_PRODUCTS_DIR)/SampleUIKit.app/$(BUNDLE_EXECUTABLE_FOLDER_PATH)/SampleUIKit";
			};
			name = Release;
		};
		3F82C7692D0068CC00ADE1C1 /* Debug */ = {
			isa = XCBuildConfiguration;
			buildSettings = {
				CODE_SIGN_STYLE = Automatic;
				CURRENT_PROJECT_VERSION = 1;
				DEVELOPMENT_TEAM = B58T472MM3;
				GENERATE_INFOPLIST_FILE = YES;
				MARKETING_VERSION = 1.0;
				PRODUCT_BUNDLE_IDENTIFIER = com.KaitoMuraoka.SampleUIKitUITests;
				PRODUCT_NAME = "$(TARGET_NAME)";
				SWIFT_EMIT_LOC_STRINGS = NO;
				SWIFT_VERSION = 5.0;
				TARGETED_DEVICE_FAMILY = "1,2";
				TEST_TARGET_NAME = SampleUIKit;
			};
			name = Debug;
		};
		3F82C76A2D0068CC00ADE1C1 /* Release */ = {
			isa = XCBuildConfiguration;
			buildSettings = {
				CODE_SIGN_STYLE = Automatic;
				CURRENT_PROJECT_VERSION = 1;
				DEVELOPMENT_TEAM = B58T472MM3;
				GENERATE_INFOPLIST_FILE = YES;
				MARKETING_VERSION = 1.0;
				PRODUCT_BUNDLE_IDENTIFIER = com.KaitoMuraoka.SampleUIKitUITests;
				PRODUCT_NAME = "$(TARGET_NAME)";
				SWIFT_EMIT_LOC_STRINGS = NO;
				SWIFT_VERSION = 5.0;
				TARGETED_DEVICE_FAMILY = "1,2";
				TEST_TARGET_NAME = SampleUIKit;
			};
			name = Release;
		};
/* End XCBuildConfiguration section */

/* Begin XCConfigurationList section */
		3F82C7322D0068C900ADE1C1 /* Build configuration list for PBXProject "SampleUIKit" */ = {
			isa = XCConfigurationList;
			buildConfigurations = (
				3F82C7632D0068CC00ADE1C1 /* Debug */,
				3F82C7642D0068CC00ADE1C1 /* Release */,
			);
			defaultConfigurationIsVisible = 0;
			defaultConfigurationName = Release;
		};
		3F82C7602D0068CC00ADE1C1 /* Build configuration list for PBXNativeTarget "SampleUIKit" */ = {
			isa = XCConfigurationList;
			buildConfigurations = (
				3F82C7612D0068CC00ADE1C1 /* Debug */,
				3F82C7622D0068CC00ADE1C1 /* Release */,
			);
			defaultConfigurationIsVisible = 0;
			defaultConfigurationName = Release;
		};
		3F82C7652D0068CC00ADE1C1 /* Build configuration list for PBXNativeTarget "SampleUIKitTests" */ = {
			isa = XCConfigurationList;
			buildConfigurations = (
				3F82C7662D0068CC00ADE1C1 /* Debug */,
				3F82C7672D0068CC00ADE1C1 /* Release */,
			);
			defaultConfigurationIsVisible = 0;
			defaultConfigurationName = Release;
		};
		3F82C7682D0068CC00ADE1C1 /* Build configuration list for PBXNativeTarget "SampleUIKitUITests" */ = {
			isa = XCConfigurationList;
			buildConfigurations = (
				3F82C7692D0068CC00ADE1C1 /* Debug */,
				3F82C76A2D0068CC00ADE1C1 /* Release */,
			);
			defaultConfigurationIsVisible = 0;
			defaultConfigurationName = Release;
		};
/* End XCConfigurationList section */
	};
	rootObject = 3F82C72F2D0068C900ADE1C1 /* Project object */;
}
